
Microsoft Visual Studio Solution File, Format Version 12.00
# Visual Studio Version 16
VisualStudioVersion = 16.0.30804.86
MinimumVisualStudioVersion = 10.0.40219.1
Project("{FAE04EC0-301F-11D3-BF4B-00C04F79EFBC}") = "formulario_hotel", "formulario_hotel\formulario_hotel.csproj", "{9FBBA462-B284-4F17-9B3B-78797DF3F2F3}"
EndProject
Project("{FAE04EC0-301F-11D3-BF4B-00C04F79EFBC}") = "ejercicio_metodos", "ejercicio_metodos\ejercicio_metodos.csproj", "{624FBB6D-65BA-43C1-9E5E-AC6F1E78D6C2}"
EndProject
Global
	GlobalSection(SolutionConfigurationPlatforms) = preSolution
		Debug|Any CPU = Debug|Any CPU
		Release|Any CPU = Release|Any CPU
	EndGlobalSection
	GlobalSection(ProjectConfigurationPlatforms) = postSolution
		{9FBBA462-B284-4F17-9B3B-78797DF3F2F3}.Debug|Any CPU.ActiveCfg = Debug|Any CPU
		{9FBBA462-B284-4F17-9B3B-78797DF3F2F3}.Debug|Any CPU.Build.0 = Debug|Any CPU
		{9FBBA462-B284-4F17-9B3B-78797DF3F2F3}.Release|Any CPU.ActiveCfg = Release|Any CPU
		{9FBBA462-B284-4F17-9B3B-78797DF3F2F3}.Release|Any CPU.Build.0 = Release|Any CPU
		{624FBB6D-65BA-43C1-9E5E-AC6F1E78D6C2}.Debug|Any CPU.ActiveCfg = Debug|Any CPU
		{624FBB6D-65BA-43C1-9E5E-AC6F1E78D6C2}.Debug|Any CPU.Build.0 = Debug|Any CPU
		{624FBB6D-65BA-43C1-9E5E-AC6F1E78D6C2}.Release|Any CPU.ActiveCfg = Release|Any CPU
		{624FBB6D-65BA-43C1-9E5E-AC6F1E78D6C2}.Release|Any CPU.Build.0 = Release|Any CPU
	EndGlobalSection
	GlobalSection(SolutionProperties) = preSolution
		HideSolutionNode = FALSE
	EndGlobalSection
	GlobalSection(ExtensibilityGlobals) = postSolution
		SolutionGuid = {3C419D0D-446E-4B0C-BAF3-C6F2BC31A2E7}
	EndGlobalSection
EndGlobal
