
Microsoft Visual Studio Solution File, Format Version 12.00
# Visual Studio Version 16
VisualStudioVersion = 16.0.30804.86
MinimumVisualStudioVersion = 10.0.40219.1
Project("{FAE04EC0-301F-11D3-BF4B-00C04F79EFBC}") = "ejercicio_pagina", "ejercicio_pagina\ejercicio_pagina.csproj", "{52408F67-26AF-4A9E-A4BB-F2D06C23B4D1}"
EndProject
Global
	GlobalSection(SolutionConfigurationPlatforms) = preSolution
		Debug|Any CPU = Debug|Any CPU
		Release|Any CPU = Release|Any CPU
	EndGlobalSection
	GlobalSection(ProjectConfigurationPlatforms) = postSolution
		{52408F67-26AF-4A9E-A4BB-F2D06C23B4D1}.Debug|Any CPU.ActiveCfg = Debug|Any CPU
		{52408F67-26AF-4A9E-A4BB-F2D06C23B4D1}.Debug|Any CPU.Build.0 = Debug|Any CPU
		{52408F67-26AF-4A9E-A4BB-F2D06C23B4D1}.Release|Any CPU.ActiveCfg = Release|Any CPU
		{52408F67-26AF-4A9E-A4BB-F2D06C23B4D1}.Release|Any CPU.Build.0 = Release|Any CPU
	EndGlobalSection
	GlobalSection(SolutionProperties) = preSolution
		HideSolutionNode = FALSE
	EndGlobalSection
	GlobalSection(ExtensibilityGlobals) = postSolution
		SolutionGuid = {6BCB9A6D-7B5D-4171-A73C-225DC000A349}
	EndGlobalSection
EndGlobal
