
Microsoft Visual Studio Solution File, Format Version 12.00
# Visual Studio Version 16
VisualStudioVersion = 16.0.30804.86
MinimumVisualStudioVersion = 10.0.40219.1
Project("{FAE04EC0-301F-11D3-BF4B-00C04F79EFBC}") = "mi primer wpf", "mi primer wpf\mi primer wpf.csproj", "{3CFF2382-296F-461B-B0C7-D687D46B0C13}"
EndProject
Global
	GlobalSection(SolutionConfigurationPlatforms) = preSolution
		Debug|Any CPU = Debug|Any CPU
		Release|Any CPU = Release|Any CPU
	EndGlobalSection
	GlobalSection(ProjectConfigurationPlatforms) = postSolution
		{3CFF2382-296F-461B-B0C7-D687D46B0C13}.Debug|Any CPU.ActiveCfg = Debug|Any CPU
		{3CFF2382-296F-461B-B0C7-D687D46B0C13}.Debug|Any CPU.Build.0 = Debug|Any CPU
		{3CFF2382-296F-461B-B0C7-D687D46B0C13}.Release|Any CPU.ActiveCfg = Release|Any CPU
		{3CFF2382-296F-461B-B0C7-D687D46B0C13}.Release|Any CPU.Build.0 = Release|Any CPU
	EndGlobalSection
	GlobalSection(SolutionProperties) = preSolution
		HideSolutionNode = FALSE
	EndGlobalSection
	GlobalSection(ExtensibilityGlobals) = postSolution
		SolutionGuid = {D4AD2A53-4901-4D29-A7B0-DF8FD1F8F1DD}
	EndGlobalSection
EndGlobal
